
Microsoft Visual Studio Solution File, Format Version 12.00
# Visual Studio 15
VisualStudioVersion = 15.0.28010.2036
MinimumVisualStudioVersion = 10.0.40219.1
Project("{8BC9CEB8-8B4A-11D0-8D11-00A0C91BC942}") = "Laivu musis", "Laivu musis\Laivu musis.vcxproj", "{15ADADAA-8985-4A99-8881-00DB0308BD17}"
EndProject
Global
	GlobalSection(SolutionConfigurationPlatforms) = preSolution
		Debug|x64 = Debug|x64
		Debug|x86 = Debug|x86
		Release|x64 = Release|x64
		Release|x86 = Release|x86
	EndGlobalSection
	GlobalSection(ProjectConfigurationPlatforms) = postSolution
		{15ADADAA-8985-4A99-8881-00DB0308BD17}.Debug|x64.ActiveCfg = Debug|x64
		{15ADADAA-8985-4A99-8881-00DB0308BD17}.Debug|x64.Build.0 = Debug|x64
		{15ADADAA-8985-4A99-8881-00DB0308BD17}.Debug|x86.ActiveCfg = Debug|Win32
		{15ADADAA-8985-4A99-8881-00DB0308BD17}.Debug|x86.Build.0 = Debug|Win32
		{15ADADAA-8985-4A99-8881-00DB0308BD17}.Release|x64.ActiveCfg = Release|x64
		{15ADADAA-8985-4A99-8881-00DB0308BD17}.Release|x64.Build.0 = Release|x64
		{15ADADAA-8985-4A99-8881-00DB0308BD17}.Release|x86.ActiveCfg = Release|Win32
		{15ADADAA-8985-4A99-8881-00DB0308BD17}.Release|x86.Build.0 = Release|Win32
	EndGlobalSection
	GlobalSection(SolutionProperties) = preSolution
		HideSolutionNode = FALSE
	EndGlobalSection
	GlobalSection(ExtensibilityGlobals) = postSolution
		SolutionGuid = {7BC53F59-CEAA-430B-B3DB-30E0F549782E}
	EndGlobalSection
EndGlobal
